
Microsoft Visual Studio Solution File, Format Version 12.00
# Visual Studio 15
VisualStudioVersion = 15.0.26124.0
MinimumVisualStudioVersion = 15.0.26124.0
Project("{FAE04EC0-301F-11D3-BF4B-00C04F79EFBC}") = "Domain", "Domain\Domain.csproj", "{B21B1D2E-069E-490C-ADEB-96E530DC9170}"
EndProject
Project("{FAE04EC0-301F-11D3-BF4B-00C04F79EFBC}") = "Application", "Application\Application.csproj", "{E8F75943-5686-46AD-8546-4A0904AE76C7}"
EndProject
Project("{FAE04EC0-301F-11D3-BF4B-00C04F79EFBC}") = "Persistence", "Persistence\Persistence.csproj", "{6A69D2E4-853B-4244-A987-40483D273AE5}"
EndProject
Project("{FAE04EC0-301F-11D3-BF4B-00C04F79EFBC}") = "API", "API\API.csproj", "{6E3E95C1-3BEA-4D58-B681-375D15B79E64}"
EndProject
Global
	GlobalSection(SolutionConfigurationPlatforms) = preSolution
		Debug|Any CPU = Debug|Any CPU
		Debug|x64 = Debug|x64
		Debug|x86 = Debug|x86
		Release|Any CPU = Release|Any CPU
		Release|x64 = Release|x64
		Release|x86 = Release|x86
	EndGlobalSection
	GlobalSection(SolutionProperties) = preSolution
		HideSolutionNode = FALSE
	EndGlobalSection
	GlobalSection(ProjectConfigurationPlatforms) = postSolution
		{B21B1D2E-069E-490C-ADEB-96E530DC9170}.Debug|Any CPU.ActiveCfg = Debug|Any CPU
		{B21B1D2E-069E-490C-ADEB-96E530DC9170}.Debug|Any CPU.Build.0 = Debug|Any CPU
		{B21B1D2E-069E-490C-ADEB-96E530DC9170}.Debug|x64.ActiveCfg = Debug|Any CPU
		{B21B1D2E-069E-490C-ADEB-96E530DC9170}.Debug|x64.Build.0 = Debug|Any CPU
		{B21B1D2E-069E-490C-ADEB-96E530DC9170}.Debug|x86.ActiveCfg = Debug|Any CPU
		{B21B1D2E-069E-490C-ADEB-96E530DC9170}.Debug|x86.Build.0 = Debug|Any CPU
		{B21B1D2E-069E-490C-ADEB-96E530DC9170}.Release|Any CPU.ActiveCfg = Release|Any CPU
		{B21B1D2E-069E-490C-ADEB-96E530DC9170}.Release|Any CPU.Build.0 = Release|Any CPU
		{B21B1D2E-069E-490C-ADEB-96E530DC9170}.Release|x64.ActiveCfg = Release|Any CPU
		{B21B1D2E-069E-490C-ADEB-96E530DC9170}.Release|x64.Build.0 = Release|Any CPU
		{B21B1D2E-069E-490C-ADEB-96E530DC9170}.Release|x86.ActiveCfg = Release|Any CPU
		{B21B1D2E-069E-490C-ADEB-96E530DC9170}.Release|x86.Build.0 = Release|Any CPU
		{E8F75943-5686-46AD-8546-4A0904AE76C7}.Debug|Any CPU.ActiveCfg = Debug|Any CPU
		{E8F75943-5686-46AD-8546-4A0904AE76C7}.Debug|Any CPU.Build.0 = Debug|Any CPU
		{E8F75943-5686-46AD-8546-4A0904AE76C7}.Debug|x64.ActiveCfg = Debug|Any CPU
		{E8F75943-5686-46AD-8546-4A0904AE76C7}.Debug|x64.Build.0 = Debug|Any CPU
		{E8F75943-5686-46AD-8546-4A0904AE76C7}.Debug|x86.ActiveCfg = Debug|Any CPU
		{E8F75943-5686-46AD-8546-4A0904AE76C7}.Debug|x86.Build.0 = Debug|Any CPU
		{E8F75943-5686-46AD-8546-4A0904AE76C7}.Release|Any CPU.ActiveCfg = Release|Any CPU
		{E8F75943-5686-46AD-8546-4A0904AE76C7}.Release|Any CPU.Build.0 = Release|Any CPU
		{E8F75943-5686-46AD-8546-4A0904AE76C7}.Release|x64.ActiveCfg = Release|Any CPU
		{E8F75943-5686-46AD-8546-4A0904AE76C7}.Release|x64.Build.0 = Release|Any CPU
		{E8F75943-5686-46AD-8546-4A0904AE76C7}.Release|x86.ActiveCfg = Release|Any CPU
		{E8F75943-5686-46AD-8546-4A0904AE76C7}.Release|x86.Build.0 = Release|Any CPU
		{6A69D2E4-853B-4244-A987-40483D273AE5}.Debug|Any CPU.ActiveCfg = Debug|Any CPU
		{6A69D2E4-853B-4244-A987-40483D273AE5}.Debug|Any CPU.Build.0 = Debug|Any CPU
		{6A69D2E4-853B-4244-A987-40483D273AE5}.Debug|x64.ActiveCfg = Debug|Any CPU
		{6A69D2E4-853B-4244-A987-40483D273AE5}.Debug|x64.Build.0 = Debug|Any CPU
		{6A69D2E4-853B-4244-A987-40483D273AE5}.Debug|x86.ActiveCfg = Debug|Any CPU
		{6A69D2E4-853B-4244-A987-40483D273AE5}.Debug|x86.Build.0 = Debug|Any CPU
		{6A69D2E4-853B-4244-A987-40483D273AE5}.Release|Any CPU.ActiveCfg = Release|Any CPU
		{6A69D2E4-853B-4244-A987-40483D273AE5}.Release|Any CPU.Build.0 = Release|Any CPU
		{6A69D2E4-853B-4244-A987-40483D273AE5}.Release|x64.ActiveCfg = Release|Any CPU
		{6A69D2E4-853B-4244-A987-40483D273AE5}.Release|x64.Build.0 = Release|Any CPU
		{6A69D2E4-853B-4244-A987-40483D273AE5}.Release|x86.ActiveCfg = Release|Any CPU
		{6A69D2E4-853B-4244-A987-40483D273AE5}.Release|x86.Build.0 = Release|Any CPU
		{6E3E95C1-3BEA-4D58-B681-375D15B79E64}.Debug|Any CPU.ActiveCfg = Debug|Any CPU
		{6E3E95C1-3BEA-4D58-B681-375D15B79E64}.Debug|Any CPU.Build.0 = Debug|Any CPU
		{6E3E95C1-3BEA-4D58-B681-375D15B79E64}.Debug|x64.ActiveCfg = Debug|Any CPU
		{6E3E95C1-3BEA-4D58-B681-375D15B79E64}.Debug|x64.Build.0 = Debug|Any CPU
		{6E3E95C1-3BEA-4D58-B681-375D15B79E64}.Debug|x86.ActiveCfg = Debug|Any CPU
		{6E3E95C1-3BEA-4D58-B681-375D15B79E64}.Debug|x86.Build.0 = Debug|Any CPU
		{6E3E95C1-3BEA-4D58-B681-375D15B79E64}.Release|Any CPU.ActiveCfg = Release|Any CPU
		{6E3E95C1-3BEA-4D58-B681-375D15B79E64}.Release|Any CPU.Build.0 = Release|Any CPU
		{6E3E95C1-3BEA-4D58-B681-375D15B79E64}.Release|x64.ActiveCfg = Release|Any CPU
		{6E3E95C1-3BEA-4D58-B681-375D15B79E64}.Release|x64.Build.0 = Release|Any CPU
		{6E3E95C1-3BEA-4D58-B681-375D15B79E64}.Release|x86.ActiveCfg = Release|Any CPU
		{6E3E95C1-3BEA-4D58-B681-375D15B79E64}.Release|x86.Build.0 = Release|Any CPU
	EndGlobalSection
EndGlobal
